
Microsoft Visual Studio Solution File, Format Version 12.00
# Visual Studio Version 16
VisualStudioVersion = 16.0.30907.101
MinimumVisualStudioVersion = 10.0.40219.1
Project("{9A19103F-16F7-4668-BE54-9A1E7A4F7556}") = "RestaurantsList", "RestaurantsList\RestaurantsList.csproj", "{83CCA5CC-11B4-489B-867F-899DCB036661}"
EndProject
Global
	GlobalSection(SolutionConfigurationPlatforms) = preSolution
		Debug|Any CPU = Debug|Any CPU
		Release|Any CPU = Release|Any CPU
	EndGlobalSection
	GlobalSection(ProjectConfigurationPlatforms) = postSolution
		{83CCA5CC-11B4-489B-867F-899DCB036661}.Debug|Any CPU.ActiveCfg = Debug|Any CPU
		{83CCA5CC-11B4-489B-867F-899DCB036661}.Debug|Any CPU.Build.0 = Debug|Any CPU
		{83CCA5CC-11B4-489B-867F-899DCB036661}.Release|Any CPU.ActiveCfg = Release|Any CPU
		{83CCA5CC-11B4-489B-867F-899DCB036661}.Release|Any CPU.Build.0 = Release|Any CPU
	EndGlobalSection
	GlobalSection(SolutionProperties) = preSolution
		HideSolutionNode = FALSE
	EndGlobalSection
	GlobalSection(ExtensibilityGlobals) = postSolution
		SolutionGuid = {E3F6A1D4-E38B-4CEB-99D0-CB2456A83DEF}
	EndGlobalSection
EndGlobal
